
Microsoft Visual Studio Solution File, Format Version 12.00
# Visual Studio Version 17
VisualStudioVersion = 17.14.37516.0 d17.14
MinimumVisualStudioVersion = 10.0.40219.1
Project("{FAE04EC0-301F-11D3-BF4B-00C04F79EFBC}") = "day1", "day1\day1.csproj", "{A2ACB52A-579F-41AD-B787-309F89FA3C16}"
EndProject
Project("{FAE04EC0-301F-11D3-BF4B-00C04F79EFBC}") = "day2", "day2\day2.csproj", "{8CAB0D86-1944-3217-0369-BEEA92F5DAFB}"
EndProject
Global
	GlobalSection(SolutionConfigurationPlatforms) = preSolution
		Debug|Any CPU = Debug|Any CPU
		Release|Any CPU = Release|Any CPU
	EndGlobalSection
	GlobalSection(ProjectConfigurationPlatforms) = postSolution
		{A2ACB52A-579F-41AD-B787-309F89FA3C16}.Debug|Any CPU.ActiveCfg = Debug|Any CPU
		{A2ACB52A-579F-41AD-B787-309F89FA3C16}.Debug|Any CPU.Build.0 = Debug|Any CPU
		{A2ACB52A-579F-41AD-B787-309F89FA3C16}.Release|Any CPU.ActiveCfg = Release|Any CPU
		{A2ACB52A-579F-41AD-B787-309F89FA3C16}.Release|Any CPU.Build.0 = Release|Any CPU
		{8CAB0D86-1944-3217-0369-BEEA92F5DAFB}.Debug|Any CPU.ActiveCfg = Debug|Any CPU
		{8CAB0D86-1944-3217-0369-BEEA92F5DAFB}.Debug|Any CPU.Build.0 = Debug|Any CPU
		{8CAB0D86-1944-3217-0369-BEEA92F5DAFB}.Release|Any CPU.ActiveCfg = Release|Any CPU
		{8CAB0D86-1944-3217-0369-BEEA92F5DAFB}.Release|Any CPU.Build.0 = Release|Any CPU
	EndGlobalSection
	GlobalSection(SolutionProperties) = preSolution
		HideSolutionNode = FALSE
	EndGlobalSection
	GlobalSection(ExtensibilityGlobals) = postSolution
		SolutionGuid = {670A05EC-7434-487E-A22C-086B0A87E94C}
	EndGlobalSection
EndGlobal
